
Microsoft Visual Studio Solution File, Format Version 12.00
# Visual Studio Version 16
VisualStudioVersion = 16.0.32106.194
MinimumVisualStudioVersion = 10.0.40219.1
Project("{8BC9CEB8-8B4A-11D0-8D11-00A0C91BC942}") = "학원수업", "학원수업.vcxproj", "{1E5912E8-43BE-486B-9722-3B09FAB00106}"
EndProject
Project("{8BC9CEB8-8B4A-11D0-8D11-00A0C91BC942}") = "202202051633", "..\202202051633\202202051633.vcxproj", "{818CAF69-050C-4DC8-AD0E-6AFC4D672D66}"
EndProject
Project("{8BC9CEB8-8B4A-11D0-8D11-00A0C91BC942}") = "202202051648", "..\202202051648\202202051648.vcxproj", "{B4A0EED3-CE63-4495-AD97-F9C602CBDE52}"
EndProject
Project("{8BC9CEB8-8B4A-11D0-8D11-00A0C91BC942}") = "202202051702", "..\202202051702\202202051702.vcxproj", "{5E95060A-667F-4199-AEB0-4DF2B959384D}"
EndProject
Project("{8BC9CEB8-8B4A-11D0-8D11-00A0C91BC942}") = "202202051717", "..\202202051717\202202051717.vcxproj", "{9C24520D-2663-4064-9484-32DAE2B7640C}"
EndProject
Project("{8BC9CEB8-8B4A-11D0-8D11-00A0C91BC942}") = "202202051745", "..\202202051745\202202051745.vcxproj", "{B256A047-F231-4E05-80F6-B34A63F38B27}"
EndProject
Global
	GlobalSection(SolutionConfigurationPlatforms) = preSolution
		Debug|x64 = Debug|x64
		Debug|x86 = Debug|x86
		Release|x64 = Release|x64
		Release|x86 = Release|x86
	EndGlobalSection
	GlobalSection(ProjectConfigurationPlatforms) = postSolution
		{1E5912E8-43BE-486B-9722-3B09FAB00106}.Debug|x64.ActiveCfg = Debug|x64
		{1E5912E8-43BE-486B-9722-3B09FAB00106}.Debug|x64.Build.0 = Debug|x64
		{1E5912E8-43BE-486B-9722-3B09FAB00106}.Debug|x86.ActiveCfg = Debug|Win32
		{1E5912E8-43BE-486B-9722-3B09FAB00106}.Debug|x86.Build.0 = Debug|Win32
		{1E5912E8-43BE-486B-9722-3B09FAB00106}.Release|x64.ActiveCfg = Release|x64
		{1E5912E8-43BE-486B-9722-3B09FAB00106}.Release|x64.Build.0 = Release|x64
		{1E5912E8-43BE-486B-9722-3B09FAB00106}.Release|x86.ActiveCfg = Release|Win32
		{1E5912E8-43BE-486B-9722-3B09FAB00106}.Release|x86.Build.0 = Release|Win32
		{818CAF69-050C-4DC8-AD0E-6AFC4D672D66}.Debug|x64.ActiveCfg = Debug|x64
		{818CAF69-050C-4DC8-AD0E-6AFC4D672D66}.Debug|x64.Build.0 = Debug|x64
		{818CAF69-050C-4DC8-AD0E-6AFC4D672D66}.Debug|x86.ActiveCfg = Debug|Win32
		{818CAF69-050C-4DC8-AD0E-6AFC4D672D66}.Debug|x86.Build.0 = Debug|Win32
		{818CAF69-050C-4DC8-AD0E-6AFC4D672D66}.Release|x64.ActiveCfg = Release|x64
		{818CAF69-050C-4DC8-AD0E-6AFC4D672D66}.Release|x64.Build.0 = Release|x64
		{818CAF69-050C-4DC8-AD0E-6AFC4D672D66}.Release|x86.ActiveCfg = Release|Win32
		{818CAF69-050C-4DC8-AD0E-6AFC4D672D66}.Release|x86.Build.0 = Release|Win32
		{B4A0EED3-CE63-4495-AD97-F9C602CBDE52}.Debug|x64.ActiveCfg = Debug|x64
		{B4A0EED3-CE63-4495-AD97-F9C602CBDE52}.Debug|x64.Build.0 = Debug|x64
		{B4A0EED3-CE63-4495-AD97-F9C602CBDE52}.Debug|x86.ActiveCfg = Debug|Win32
		{B4A0EED3-CE63-4495-AD97-F9C602CBDE52}.Debug|x86.Build.0 = Debug|Win32
		{B4A0EED3-CE63-4495-AD97-F9C602CBDE52}.Release|x64.ActiveCfg = Release|x64
		{B4A0EED3-CE63-4495-AD97-F9C602CBDE52}.Release|x64.Build.0 = Release|x64
		{B4A0EED3-CE63-4495-AD97-F9C602CBDE52}.Release|x86.ActiveCfg = Release|Win32
		{B4A0EED3-CE63-4495-AD97-F9C602CBDE52}.Release|x86.Build.0 = Release|Win32
		{5E95060A-667F-4199-AEB0-4DF2B959384D}.Debug|x64.ActiveCfg = Debug|x64
		{5E95060A-667F-4199-AEB0-4DF2B959384D}.Debug|x64.Build.0 = Debug|x64
		{5E95060A-667F-4199-AEB0-4DF2B959384D}.Debug|x86.ActiveCfg = Debug|Win32
		{5E95060A-667F-4199-AEB0-4DF2B959384D}.Debug|x86.Build.0 = Debug|Win32
		{5E95060A-667F-4199-AEB0-4DF2B959384D}.Release|x64.ActiveCfg = Release|x64
		{5E95060A-667F-4199-AEB0-4DF2B959384D}.Release|x64.Build.0 = Release|x64
		{5E95060A-667F-4199-AEB0-4DF2B959384D}.Release|x86.ActiveCfg = Release|Win32
		{5E95060A-667F-4199-AEB0-4DF2B959384D}.Release|x86.Build.0 = Release|Win32
		{9C24520D-2663-4064-9484-32DAE2B7640C}.Debug|x64.ActiveCfg = Debug|x64
		{9C24520D-2663-4064-9484-32DAE2B7640C}.Debug|x64.Build.0 = Debug|x64
		{9C24520D-2663-4064-9484-32DAE2B7640C}.Debug|x86.ActiveCfg = Debug|Win32
		{9C24520D-2663-4064-9484-32DAE2B7640C}.Debug|x86.Build.0 = Debug|Win32
		{9C24520D-2663-4064-9484-32DAE2B7640C}.Release|x64.ActiveCfg = Release|x64
		{9C24520D-2663-4064-9484-32DAE2B7640C}.Release|x64.Build.0 = Release|x64
		{9C24520D-2663-4064-9484-32DAE2B7640C}.Release|x86.ActiveCfg = Release|Win32
		{9C24520D-2663-4064-9484-32DAE2B7640C}.Release|x86.Build.0 = Release|Win32
		{B256A047-F231-4E05-80F6-B34A63F38B27}.Debug|x64.ActiveCfg = Debug|x64
		{B256A047-F231-4E05-80F6-B34A63F38B27}.Debug|x64.Build.0 = Debug|x64
		{B256A047-F231-4E05-80F6-B34A63F38B27}.Debug|x86.ActiveCfg = Debug|Win32
		{B256A047-F231-4E05-80F6-B34A63F38B27}.Debug|x86.Build.0 = Debug|Win32
		{B256A047-F231-4E05-80F6-B34A63F38B27}.Release|x64.ActiveCfg = Release|x64
		{B256A047-F231-4E05-80F6-B34A63F38B27}.Release|x64.Build.0 = Release|x64
		{B256A047-F231-4E05-80F6-B34A63F38B27}.Release|x86.ActiveCfg = Release|Win32
		{B256A047-F231-4E05-80F6-B34A63F38B27}.Release|x86.Build.0 = Release|Win32
	EndGlobalSection
	GlobalSection(SolutionProperties) = preSolution
		HideSolutionNode = FALSE
	EndGlobalSection
	GlobalSection(ExtensibilityGlobals) = postSolution
		SolutionGuid = {4A646E1D-E5A5-4FE5-ACBD-B4269FAFF381}
	EndGlobalSection
EndGlobal
